// !$*UTF8*$!
{
	archiveVersion = 1;
	classes = {
	};
	objectVersion = 60;
	objects = {

/* Begin PBXBuildFile section */
		84CF0D632BBADADA00A46C2F /* AppDelegate.swift in Sources */ = {isa = PBXBuildFile; fileRef = 84CF0D622BBADADA00A46C2F /* AppDelegate.swift */; };
		84CF0D652BBADADA00A46C2F /* SceneDelegate.swift in Sources */ = {isa = PBXBuildFile; fileRef = 84CF0D642BBADADA00A46C2F /* SceneDelegate.swift */; };
		84CF0D672BBADADA00A46C2F /* ViewController.swift in Sources */ = {isa = PBXBuildFile; fileRef = 84CF0D662BBADADA00A46C2F /* ViewController.swift */; };
		84CF0D6A2BBADADA00A46C2F /* Main.storyboard in Resources */ = {isa = PBXBuildFile; fileRef = 84CF0D682BBADADA00A46C2F /* Main.storyboard */; };
		84CF0D6C2BBADADB00A46C2F /* Assets.xcassets in Resources */ = {isa = PBXBuildFile; fileRef = 84CF0D6B2BBADADB00A46C2F /* Assets.xcassets */; };
		84CF0D6F2BBADADB00A46C2F /* LaunchScreen.storyboard in Resources */ = {isa = PBXBuildFile; fileRef = 84CF0D6D2BBADADB00A46C2F /* LaunchScreen.storyboard */; };
		84CF0D7A2BBADADB00A46C2F /* ExampleTests.swift in Sources */ = {isa = PBXBuildFile; fileRef = 84CF0D792BBADADB00A46C2F /* ExampleTests.swift */; };
		84CF0D842BBADADB00A46C2F /* ExampleUITests.swift in Sources */ = {isa = PBXBuildFile; fileRef = 84CF0D832BBADADB00A46C2F /* ExampleUITests.swift */; };
		84CF0D862BBADADB00A46C2F /* ExampleUITestsLaunchTests.swift in Sources */ = {isa = PBXBuildFile; fileRef = 84CF0D852BBADADB00A46C2F /* ExampleUITestsLaunchTests.swift */; };
		84DFE8842BCC12BC00C6DA8C /* ToastedMessages in Frameworks */ = {isa = PBXBuildFile; productRef = 84DFE8832BCC12BC00C6DA8C /* ToastedMessages */; };
/* End PBXBuildFile section */

/* Begin PBXContainerItemProxy section */
		84CF0D762BBADADB00A46C2F /* PBXContainerItemProxy */ = {
			isa = PBXContainerItemProxy;
			containerPortal = 84CF0D572BBADADA00A46C2F /* Project object */;
			proxyType = 1;
			remoteGlobalIDString = 84CF0D5E2BBADADA00A46C2F;
			remoteInfo = Example;
		};
		84CF0D802BBADADB00A46C2F /* PBXContainerItemProxy */ = {
			isa = PBXContainerItemProxy;
			containerPortal = 84CF0D572BBADADA00A46C2F /* Project object */;
			proxyType = 1;
			remoteGlobalIDString = 84CF0D5E2BBADADA00A46C2F;
			remoteInfo = Example;
		};
/* End PBXContainerItemProxy section */

/* Begin PBXFileReference section */
		84CF0D5F2BBADADA00A46C2F /* Example.app */ = {isa = PBXFileReference; explicitFileType = wrapper.application; includeInIndex = 0; path = Example.app; sourceTree = BUILT_PRODUCTS_DIR; };
		84CF0D622BBADADA00A46C2F /* AppDelegate.swift */ = {isa = PBXFileReference; lastKnownFileType = sourcecode.swift; path = AppDelegate.swift; sourceTree = "<group>"; };
		84CF0D642BBADADA00A46C2F /* SceneDelegate.swift */ = {isa = PBXFileReference; lastKnownFileType = sourcecode.swift; path = SceneDelegate.swift; sourceTree = "<group>"; };
		84CF0D662BBADADA00A46C2F /* ViewController.swift */ = {isa = PBXFileReference; lastKnownFileType = sourcecode.swift; path = ViewController.swift; sourceTree = "<group>"; };
		84CF0D692BBADADA00A46C2F /* Base */ = {isa = PBXFileReference; lastKnownFileType = file.storyboard; name = Base; path = Base.lproj/Main.storyboard; sourceTree = "<group>"; };
		84CF0D6B2BBADADB00A46C2F /* Assets.xcassets */ = {isa = PBXFileReference; lastKnownFileType = folder.assetcatalog; path = Assets.xcassets; sourceTree = "<group>"; };
		84CF0D6E2BBADADB00A46C2F /* Base */ = {isa = PBXFileReference; lastKnownFileType = file.storyboard; name = Base; path = Base.lproj/LaunchScreen.storyboard; sourceTree = "<group>"; };
		84CF0D702BBADADB00A46C2F /* Info.plist */ = {isa = PBXFileReference; lastKnownFileType = text.plist.xml; path = Info.plist; sourceTree = "<group>"; };
		84CF0D752BBADADB00A46C2F /* ExampleTests.xctest */ = {isa = PBXFileReference; explicitFileType = wrapper.cfbundle; includeInIndex = 0; path = ExampleTests.xctest; sourceTree = BUILT_PRODUCTS_DIR; };
		84CF0D792BBADADB00A46C2F /* ExampleTests.swift */ = {isa = PBXFileReference; lastKnownFileType = sourcecode.swift; path = ExampleTests.swift; sourceTree = "<group>"; };
		84CF0D7F2BBADADB00A46C2F /* ExampleUITests.xctest */ = {isa = PBXFileReference; explicitFileType = wrapper.cfbundle; includeInIndex = 0; path = ExampleUITests.xctest; sourceTree = BUILT_PRODUCTS_DIR; };
		84CF0D832BBADADB00A46C2F /* ExampleUITests.swift */ = {isa = PBXFileReference; lastKnownFileType = sourcecode.swift; path = ExampleUITests.swift; sourceTree = "<group>"; };
		84CF0D852BBADADB00A46C2F /* ExampleUITestsLaunchTests.swift */ = {isa = PBXFileReference; lastKnownFileType = sourcecode.swift; path = ExampleUITestsLaunchTests.swift; sourceTree = "<group>"; };
		84CF0D922BBADB0500A46C2F /* ToastedMessages */ = {isa = PBXFileReference; lastKnownFileType = wrapper; name = ToastedMessages; path = ../../ToastedMessages; sourceTree = "<group>"; };
/* End PBXFileReference section */

/* Begin PBXFrameworksBuildPhase section */
		84CF0D5C2BBADADA00A46C2F /* Frameworks */ = {
			isa = PBXFrameworksBuildPhase;
			buildActionMask = 2147483647;
			files = (
				84DFE8842BCC12BC00C6DA8C /* ToastedMessages in Frameworks */,
			);
			runOnlyForDeploymentPostprocessing = 0;
		};
		84CF0D722BBADADB00A46C2F /* Frameworks */ = {
			isa = PBXFrameworksBuildPhase;
			buildActionMask = 2147483647;
			files = (
			);
			runOnlyForDeploymentPostprocessing = 0;
		};
		84CF0D7C2BBADADB00A46C2F /* Frameworks */ = {
			isa = PBXFrameworksBuildPhase;
			buildActionMask = 2147483647;
			files = (
			);
			runOnlyForDeploymentPostprocessing = 0;
		};
/* End PBXFrameworksBuildPhase section */

/* Begin PBXGroup section */
		84CF0D562BBADADA00A46C2F = {
			isa = PBXGroup;
			children = (
				84CF0D612BBADADA00A46C2F /* Example */,
				84CF0D782BBADADB00A46C2F /* ExampleTests */,
				84CF0D822BBADADB00A46C2F /* ExampleUITests */,
				84CF0D602BBADADA00A46C2F /* Products */,
			);
			sourceTree = "<group>";
		};
		84CF0D602BBADADA00A46C2F /* Products */ = {
			isa = PBXGroup;
			children = (
				84CF0D5F2BBADADA00A46C2F /* Example.app */,
				84CF0D752BBADADB00A46C2F /* ExampleTests.xctest */,
				84CF0D7F2BBADADB00A46C2F /* ExampleUITests.xctest */,
			);
			name = Products;
			sourceTree = "<group>";
		};
		84CF0D612BBADADA00A46C2F /* Example */ = {
			isa = PBXGroup;
			children = (
				84CF0D922BBADB0500A46C2F /* ToastedMessages */,
				84CF0D622BBADADA00A46C2F /* AppDelegate.swift */,
				84CF0D642BBADADA00A46C2F /* SceneDelegate.swift */,
				84CF0D662BBADADA00A46C2F /* ViewController.swift */,
				84CF0D682BBADADA00A46C2F /* Main.storyboard */,
				84CF0D6B2BBADADB00A46C2F /* Assets.xcassets */,
				84CF0D6D2BBADADB00A46C2F /* LaunchScreen.storyboard */,
				84CF0D702BBADADB00A46C2F /* Info.plist */,
			);
			path = Example;
			sourceTree = "<group>";
		};
		84CF0D782BBADADB00A46C2F /* ExampleTests */ = {
			isa = PBXGroup;
			children = (
				84CF0D792BBADADB00A46C2F /* ExampleTests.swift */,
			);
			path = ExampleTests;
			sourceTree = "<group>";
		};
		84CF0D822BBADADB00A46C2F /* ExampleUITests */ = {
			isa = PBXGroup;
			children = (
				84CF0D832BBADADB00A46C2F /* ExampleUITests.swift */,
				84CF0D852BBADADB00A46C2F /* ExampleUITestsLaunchTests.swift */,
			);
			path = ExampleUITests;
			sourceTree = "<group>";
		};
/* End PBXGroup section */

/* Begin PBXNativeTarget section */
		84CF0D5E2BBADADA00A46C2F /* Example */ = {
			isa = PBXNativeTarget;
			buildConfigurationList = 84CF0D892BBADADB00A46C2F /* Build configuration list for PBXNativeTarget "Example" */;
			buildPhases = (
				84CF0D5B2BBADADA00A46C2F /* Sources */,
				84CF0D5C2BBADADA00A46C2F /* Frameworks */,
				84CF0D5D2BBADADA00A46C2F /* Resources */,
			);
			buildRules = (
			);
			dependencies = (
			);
			name = Example;
			packageProductDependencies = (
				84DFE8832BCC12BC00C6DA8C /* ToastedMessages */,
			);
			productName = Example;
			productReference = 84CF0D5F2BBADADA00A46C2F /* Example.app */;
			productType = "com.apple.product-type.application";
		};
		84CF0D742BBADADB00A46C2F /* ExampleTests */ = {
			isa = PBXNativeTarget;
			buildConfigurationList = 84CF0D8C2BBADADB00A46C2F /* Build configuration list for PBXNativeTarget "ExampleTests" */;
			buildPhases = (
				84CF0D712BBADADB00A46C2F /* Sources */,
				84CF0D722BBADADB00A46C2F /* Frameworks */,
				84CF0D732BBADADB00A46C2F /* Resources */,
			);
			buildRules = (
			);
			dependencies = (
				84CF0D772BBADADB00A46C2F /* PBXTargetDependency */,
			);
			name = ExampleTests;
			productName = ExampleTests;
			productReference = 84CF0D752BBADADB00A46C2F /* ExampleTests.xctest */;
			productType = "com.apple.product-type.bundle.unit-test";
		};
		84CF0D7E2BBADADB00A46C2F /* ExampleUITests */ = {
			isa = PBXNativeTarget;
			buildConfigurationList = 84CF0D8F2BBADADB00A46C2F /* Build configuration list for PBXNativeTarget "ExampleUITests" */;
			buildPhases = (
				84CF0D7B2BBADADB00A46C2F /* Sources */,
				84CF0D7C2BBADADB00A46C2F /* Frameworks */,
				84CF0D7D2BBADADB00A46C2F /* Resources */,
			);
			buildRules = (
			);
			dependencies = (
				84CF0D812BBADADB00A46C2F /* PBXTargetDependency */,
			);
			name = ExampleUITests;
			productName = ExampleUITests;
			productReference = 84CF0D7F2BBADADB00A46C2F /* ExampleUITests.xctest */;
			productType = "com.apple.product-type.bundle.ui-testing";
		};
/* End PBXNativeTarget section */

/* Begin PBXProject section */
		84CF0D572BBADADA00A46C2F /* Project object */ = {
			isa = PBXProject;
			attributes = {
				BuildIndependentTargetsInParallel = 1;
				LastSwiftUpdateCheck = 1520;
				LastUpgradeCheck = 1520;
				TargetAttributes = {
					84CF0D5E2BBADADA00A46C2F = {
						CreatedOnToolsVersion = 15.2;
					};
					84CF0D742BBADADB00A46C2F = {
						CreatedOnToolsVersion = 15.2;
						TestTargetID = 84CF0D5E2BBADADA00A46C2F;
					};
					84CF0D7E2BBADADB00A46C2F = {
						CreatedOnToolsVersion = 15.2;
						TestTargetID = 84CF0D5E2BBADADA00A46C2F;
					};
				};
			};
			buildConfigurationList = 84CF0D5A2BBADADA00A46C2F /* Build configuration list for PBXProject "Example" */;
			compatibilityVersion = "Xcode 14.0";
			developmentRegion = en;
			hasScannedForEncodings = 0;
			knownRegions = (
				en,
				Base,
			);
			mainGroup = 84CF0D562BBADADA00A46C2F;
			packageReferences = (
				84DFE8822BCC12BC00C6DA8C /* XCLocalSwiftPackageReference "../ToastedMessages" */,
			);
			productRefGroup = 84CF0D602BBADADA00A46C2F /* Products */;
			projectDirPath = "";
			projectRoot = "";
			targets = (
				84CF0D5E2BBADADA00A46C2F /* Example */,
				84CF0D742BBADADB00A46C2F /* ExampleTests */,
				84CF0D7E2BBADADB00A46C2F /* ExampleUITests */,
			);
		};
/* End PBXProject section */

/* Begin PBXResourcesBuildPhase section */
		84CF0D5D2BBADADA00A46C2F /* Resources */ = {
			isa = PBXResourcesBuildPhase;
			buildActionMask = 2147483647;
			files = (
				84CF0D6F2BBADADB00A46C2F /* LaunchScreen.storyboard in Resources */,
				84CF0D6C2BBADADB00A46C2F /* Assets.xcassets in Resources */,
				84CF0D6A2BBADADA00A46C2F /* Main.storyboard in Resources */,
			);
			runOnlyForDeploymentPostprocessing = 0;
		};
		84CF0D732BBADADB00A46C2F /* Resources */ = {
			isa = PBXResourcesBuildPhase;
			buildActionMask = 2147483647;
			files = (
			);
			runOnlyForDeploymentPostprocessing = 0;
		};
		84CF0D7D2BBADADB00A46C2F /* Resources */ = {
			isa = PBXResourcesBuildPhase;
			buildActionMask = 2147483647;
			files = (
			);
			runOnlyForDeploymentPostprocessing = 0;
		};
/* End PBXResourcesBuildPhase section */

/* Begin PBXSourcesBuildPhase section */
		84CF0D5B2BBADADA00A46C2F /* Sources */ = {
			isa = PBXSourcesBuildPhase;
			buildActionMask = 2147483647;
			files = (
				84CF0D672BBADADA00A46C2F /* ViewController.swift in Sources */,
				84CF0D632BBADADA00A46C2F /* AppDelegate.swift in Sources */,
				84CF0D652BBADADA00A46C2F /* SceneDelegate.swift in Sources */,
			);
			runOnlyForDeploymentPostprocessing = 0;
		};
		84CF0D712BBADADB00A46C2F /* Sources */ = {
			isa = PBXSourcesBuildPhase;
			buildActionMask = 2147483647;
			files = (
				84CF0D7A2BBADADB00A46C2F /* ExampleTests.swift in Sources */,
			);
			runOnlyForDeploymentPostprocessing = 0;
		};
		84CF0D7B2BBADADB00A46C2F /* Sources */ = {
			isa = PBXSourcesBuildPhase;
			buildActionMask = 2147483647;
			files = (
				84CF0D842BBADADB00A46C2F /* ExampleUITests.swift in Sources */,
				84CF0D862BBADADB00A46C2F /* ExampleUITestsLaunchTests.swift in Sources */,
			);
			runOnlyForDeploymentPostprocessing = 0;
		};
/* End PBXSourcesBuildPhase section */

/* Begin PBXTargetDependency section */
		84CF0D772BBADADB00A46C2F /* PBXTargetDependency */ = {
			isa = PBXTargetDependency;
			target = 84CF0D5E2BBADADA00A46C2F /* Example */;
			targetProxy = 84CF0D762BBADADB00A46C2F /* PBXContainerItemProxy */;
		};
		84CF0D812BBADADB00A46C2F /* PBXTargetDependency */ = {
			isa = PBXTargetDependency;
			target = 84CF0D5E2BBADADA00A46C2F /* Example */;
			targetProxy = 84CF0D802BBADADB00A46C2F /* PBXContainerItemProxy */;
		};
/* End PBXTargetDependency section */

/* Begin PBXVariantGroup section */
		84CF0D682BBADADA00A46C2F /* Main.storyboard */ = {
			isa = PBXVariantGroup;
			children = (
				84CF0D692BBADADA00A46C2F /* Base */,
			);
			name = Main.storyboard;
			sourceTree = "<group>";
		};
		84CF0D6D2BBADADB00A46C2F /* LaunchScreen.storyboard */ = {
			isa = PBXVariantGroup;
			children = (
				84CF0D6E2BBADADB00A46C2F /* Base */,
			);
			name = LaunchScreen.storyboard;
			sourceTree = "<group>";
		};
/* End PBXVariantGroup section */

/* Begin XCBuildConfiguration section */
		84CF0D872BBADADB00A46C2F /* Debug */ = {
			isa = XCBuildConfiguration;
			buildSettings = {
				ALWAYS_SEARCH_USER_PATHS = NO;
				ASSETCATALOG_COMPILER_GENERATE_SWIFT_ASSET_SYMBOL_EXTENSIONS = YES;
				CLANG_ANALYZER_NONNULL = YES;
				CLANG_ANALYZER_NUMBER_OBJECT_CONVERSION = YES_AGGRESSIVE;
				CLANG_CXX_LANGUAGE_STANDARD = "gnu++20";
				CLANG_ENABLE_MODULES = YES;
				CLANG_ENABLE_OBJC_ARC = YES;
				CLANG_ENABLE_OBJC_WEAK = YES;
				CLANG_WARN_BLOCK_CAPTURE_AUTORELEASING = YES;
				CLANG_WARN_BOOL_CONVERSION = YES;
				CLANG_WARN_COMMA = YES;
				CLANG_WARN_CONSTANT_CONVERSION = YES;
				CLANG_WARN_DEPRECATED_OBJC_IMPLEMENTATIONS = YES;
				CLANG_WARN_DIRECT_OBJC_ISA_USAGE = YES_ERROR;
				CLANG_WARN_DOCUMENTATION_COMMENTS = YES;
				CLANG_WARN_EMPTY_BODY = YES;
				CLANG_WARN_ENUM_CONVERSION = YES;
				CLANG_WARN_INFINITE_RECURSION = YES;
				CLANG_WARN_INT_CONVERSION = YES;
				CLANG_WARN_NON_LITERAL_NULL_CONVERSION = YES;
				CLANG_WARN_OBJC_IMPLICIT_RETAIN_SELF = YES;
				CLANG_WARN_OBJC_LITERAL_CONVERSION = YES;
				CLANG_WARN_OBJC_ROOT_CLASS = YES_ERROR;
				CLANG_WARN_QUOTED_INCLUDE_IN_FRAMEWORK_HEADER = YES;
				CLANG_WARN_RANGE_LOOP_ANALYSIS = YES;
				CLANG_WARN_STRICT_PROTOTYPES = YES;
				CLANG_WARN_SUSPICIOUS_MOVE = YES;
				CLANG_WARN_UNGUARDED_AVAILABILITY = YES_AGGRESSIVE;
				CLANG_WARN_UNREACHABLE_CODE = YES;
				CLANG_WARN__DUPLICATE_METHOD_MATCH = YES;
				COPY_PHASE_STRIP = NO;
				DEBUG_INFORMATION_FORMAT = dwarf;
				ENABLE_STRICT_OBJC_MSGSEND = YES;
				ENABLE_TESTABILITY = YES;
				ENABLE_USER_SCRIPT_SANDBOXING = YES;
				GCC_C_LANGUAGE_STANDARD = gnu17;
				GCC_DYNAMIC_NO_PIC = NO;
				GCC_NO_COMMON_BLOCKS = YES;
				GCC_OPTIMIZATION_LEVEL = 0;
				GCC_PREPROCESSOR_DEFINITIONS = (
					"DEBUG=1",
					"$(inherited)",
				);
				GCC_WARN_64_TO_32_BIT_CONVERSION = YES;
				GCC_WARN_ABOUT_RETURN_TYPE = YES_ERROR;
				GCC_WARN_UNDECLARED_SELECTOR = YES;
				GCC_WARN_UNINITIALIZED_AUTOS = YES_AGGRESSIVE;
				GCC_WARN_UNUSED_FUNCTION = YES;
				GCC_WARN_UNUSED_VARIABLE = YES;
				IPHONEOS_DEPLOYMENT_TARGET = 15.0;
				LOCALIZATION_PREFERS_STRING_CATALOGS = YES;
				MTL_ENABLE_DEBUG_INFO = INCLUDE_SOURCE;
				MTL_FAST_MATH = YES;
				ONLY_ACTIVE_ARCH = YES;
				SDKROOT = iphoneos;
				SWIFT_ACTIVE_COMPILATION_CONDITIONS = "DEBUG $(inherited)";
				SWIFT_OPTIMIZATION_LEVEL = "-Onone";
			};
			name = Debug;
		};
		84CF0D882BBADADB00A46C2F /* Release */ = {
			isa = XCBuildConfiguration;
			buildSettings = {
				ALWAYS_SEARCH_USER_PATHS = NO;
				ASSETCATALOG_COMPILER_GENERATE_SWIFT_ASSET_SYMBOL_EXTENSIONS = YES;
				CLANG_ANALYZER_NONNULL = YES;
				CLANG_ANALYZER_NUMBER_OBJECT_CONVERSION = YES_AGGRESSIVE;
				CLANG_CXX_LANGUAGE_STANDARD = "gnu++20";
				CLANG_ENABLE_MODULES = YES;
				CLANG_ENABLE_OBJC_ARC = YES;
				CLANG_ENABLE_OBJC_WEAK = YES;
				CLANG_WARN_BLOCK_CAPTURE_AUTORELEASING = YES;
				CLANG_WARN_BOOL_CONVERSION = YES;
				CLANG_WARN_COMMA = YES;
				CLANG_WARN_CONSTANT_CONVERSION = YES;
				CLANG_WARN_DEPRECATED_OBJC_IMPLEMENTATIONS = YES;
				CLANG_WARN_DIRECT_OBJC_ISA_USAGE = YES_ERROR;
				CLANG_WARN_DOCUMENTATION_COMMENTS = YES;
				CLANG_WARN_EMPTY_BODY = YES;
				CLANG_WARN_ENUM_CONVERSION = YES;
				CLANG_WARN_INFINITE_RECURSION = YES;
				CLANG_WARN_INT_CONVERSION = YES;
				CLANG_WARN_NON_LITERAL_NULL_CONVERSION = YES;
				CLANG_WARN_OBJC_IMPLICIT_RETAIN_SELF = YES;
				CLANG_WARN_OBJC_LITERAL_CONVERSION = YES;
				CLANG_WARN_OBJC_ROOT_CLASS = YES_ERROR;
				CLANG_WARN_QUOTED_INCLUDE_IN_FRAMEWORK_HEADER = YES;
				CLANG_WARN_RANGE_LOOP_ANALYSIS = YES;
				CLANG_WARN_STRICT_PROTOTYPES = YES;
				CLANG_WARN_SUSPICIOUS_MOVE = YES;
				CLANG_WARN_UNGUARDED_AVAILABILITY = YES_AGGRESSIVE;
				CLANG_WARN_UNREACHABLE_CODE = YES;
				CLANG_WARN__DUPLICATE_METHOD_MATCH = YES;
				COPY_PHASE_STRIP = NO;
				DEBUG_INFORMATION_FORMAT = "dwarf-with-dsym";
				ENABLE_NS_ASSERTIONS = NO;
				ENABLE_STRICT_OBJC_MSGSEND = YES;
				ENABLE_USER_SCRIPT_SANDBOXING = YES;
				GCC_C_LANGUAGE_STANDARD = gnu17;
				GCC_NO_COMMON_BLOCKS = YES;
				GCC_WARN_64_TO_32_BIT_CONVERSION = YES;
				GCC_WARN_ABOUT_RETURN_TYPE = YES_ERROR;
				GCC_WARN_UNDECLARED_SELECTOR = YES;
				GCC_WARN_UNINITIALIZED_AUTOS = YES_AGGRESSIVE;
				GCC_WARN_UNUSED_FUNCTION = YES;
				GCC_WARN_UNUSED_VARIABLE = YES;
				IPHONEOS_DEPLOYMENT_TARGET = 15.0;
				LOCALIZATION_PREFERS_STRING_CATALOGS = YES;
				MTL_ENABLE_DEBUG_INFO = NO;
				MTL_FAST_MATH = YES;
				SDKROOT = iphoneos;
				SWIFT_COMPILATION_MODE = wholemodule;
				VALIDATE_PRODUCT = YES;
			};
			name = Release;
		};
		84CF0D8A2BBADADB00A46C2F /* Debug */ = {
			isa = XCBuildConfiguration;
			buildSettings = {
				ASSETCATALOG_COMPILER_APPICON_NAME = AppIcon;
				ASSETCATALOG_COMPILER_GLOBAL_ACCENT_COLOR_NAME = AccentColor;
				CODE_SIGN_STYLE = Automatic;
				CURRENT_PROJECT_VERSION = 1;
				DEVELOPMENT_TEAM = YK2X3DL675;
				GENERATE_INFOPLIST_FILE = YES;
				INFOPLIST_FILE = Example/Info.plist;
				INFOPLIST_KEY_UIApplicationSupportsIndirectInputEvents = YES;
				INFOPLIST_KEY_UILaunchStoryboardName = LaunchScreen;
				INFOPLIST_KEY_UIMainStoryboardFile = Main;
				INFOPLIST_KEY_UISupportedInterfaceOrientations_iPad = "UIInterfaceOrientationPortrait UIInterfaceOrientationPortraitUpsideDown UIInterfaceOrientationLandscapeLeft UIInterfaceOrientationLandscapeRight";
				INFOPLIST_KEY_UISupportedInterfaceOrientations_iPhone = "UIInterfaceOrientationPortrait UIInterfaceOrientationLandscapeLeft UIInterfaceOrientationLandscapeRight";
				IPHONEOS_DEPLOYMENT_TARGET = 15.0;
				LD_RUNPATH_SEARCH_PATHS = (
					"$(inherited)",
					"@executable_path/Frameworks",
				);
				MARKETING_VERSION = 1.0;
				PRODUCT_BUNDLE_IDENTIFIER = "toasted-messages.Example";
				PRODUCT_NAME = "$(TARGET_NAME)";
				SWIFT_EMIT_LOC_STRINGS = YES;
				SWIFT_VERSION = 5.0;
				TARGETED_DEVICE_FAMILY = "1,2";
			};
			name = Debug;
		};
		84CF0D8B2BBADADB00A46C2F /* Release */ = {
			isa = XCBuildConfiguration;
			buildSettings = {
				ASSETCATALOG_COMPILER_APPICON_NAME = AppIcon;
				ASSETCATALOG_COMPILER_GLOBAL_ACCENT_COLOR_NAME = AccentColor;
				CODE_SIGN_STYLE = Automatic;
				CURRENT_PROJECT_VERSION = 1;
				DEVELOPMENT_TEAM = YK2X3DL675;
				GENERATE_INFOPLIST_FILE = YES;
				INFOPLIST_FILE = Example/Info.plist;
				INFOPLIST_KEY_UIApplicationSupportsIndirectInputEvents = YES;
				INFOPLIST_KEY_UILaunchStoryboardName = LaunchScreen;
				INFOPLIST_KEY_UIMainStoryboardFile = Main;
				INFOPLIST_KEY_UISupportedInterfaceOrientations_iPad = "UIInterfaceOrientationPortrait UIInterfaceOrientationPortraitUpsideDown UIInterfaceOrientationLandscapeLeft UIInterfaceOrientationLandscapeRight";
				INFOPLIST_KEY_UISupportedInterfaceOrientations_iPhone = "UIInterfaceOrientationPortrait UIInterfaceOrientationLandscapeLeft UIInterfaceOrientationLandscapeRight";
				IPHONEOS_DEPLOYMENT_TARGET = 15.0;
				LD_RUNPATH_SEARCH_PATHS = (
					"$(inherited)",
					"@executable_path/Frameworks",
				);
				MARKETING_VERSION = 1.0;
				PRODUCT_BUNDLE_IDENTIFIER = "toasted-messages.Example";
				PRODUCT_NAME = "$(TARGET_NAME)";
				SWIFT_EMIT_LOC_STRINGS = YES;
				SWIFT_VERSION = 5.0;
				TARGETED_DEVICE_FAMILY = "1,2";
			};
			name = Release;
		};
		84CF0D8D2BBADADB00A46C2F /* Debug */ = {
			isa = XCBuildConfiguration;
			buildSettings = {
				ALWAYS_EMBED_SWIFT_STANDARD_LIBRARIES = YES;
				BUNDLE_LOADER = "$(TEST_HOST)";
				CODE_SIGN_STYLE = Automatic;
				CURRENT_PROJECT_VERSION = 1;
				GENERATE_INFOPLIST_FILE = YES;
				IPHONEOS_DEPLOYMENT_TARGET = 17.2;
				MARKETING_VERSION = 1.0;
				PRODUCT_BUNDLE_IDENTIFIER = "toasted-messages.ExampleTests";
				PRODUCT_NAME = "$(TARGET_NAME)";
				SWIFT_EMIT_LOC_STRINGS = NO;
				SWIFT_VERSION = 5.0;
				TARGETED_DEVICE_FAMILY = "1,2";
				TEST_HOST = "$(BUILT_PRODUCTS_DIR)/Example.app/$(BUNDLE_EXECUTABLE_FOLDER_PATH)/Example";
			};
			name = Debug;
		};
		84CF0D8E2BBADADB00A46C2F /* Release */ = {
			isa = XCBuildConfiguration;
			buildSettings = {
				ALWAYS_EMBED_SWIFT_STANDARD_LIBRARIES = YES;
				BUNDLE_LOADER = "$(TEST_HOST)";
				CODE_SIGN_STYLE = Automatic;
				CURRENT_PROJECT_VERSION = 1;
				GENERATE_INFOPLIST_FILE = YES;
				IPHONEOS_DEPLOYMENT_TARGET = 17.2;
				MARKETING_VERSION = 1.0;
				PRODUCT_BUNDLE_IDENTIFIER = "toasted-messages.ExampleTests";
				PRODUCT_NAME = "$(TARGET_NAME)";
				SWIFT_EMIT_LOC_STRINGS = NO;
				SWIFT_VERSION = 5.0;
				TARGETED_DEVICE_FAMILY = "1,2";
				TEST_HOST = "$(BUILT_PRODUCTS_DIR)/Example.app/$(BUNDLE_EXECUTABLE_FOLDER_PATH)/Example";
			};
			name = Release;
		};
		84CF0D902BBADADB00A46C2F /* Debug */ = {
			isa = XCBuildConfiguration;
			buildSettings = {
				ALWAYS_EMBED_SWIFT_STANDARD_LIBRARIES = YES;
				CODE_SIGN_STYLE = Automatic;
				CURRENT_PROJECT_VERSION = 1;
				GENERATE_INFOPLIST_FILE = YES;
				MARKETING_VERSION = 1.0;
				PRODUCT_BUNDLE_IDENTIFIER = "toasted-messages.ExampleUITests";
				PRODUCT_NAME = "$(TARGET_NAME)";
				SWIFT_EMIT_LOC_STRINGS = NO;
				SWIFT_VERSION = 5.0;
				TARGETED_DEVICE_FAMILY = "1,2";
				TEST_TARGET_NAME = Example;
			};
			name = Debug;
		};
		84CF0D912BBADADB00A46C2F /* Release */ = {
			isa = XCBuildConfiguration;
			buildSettings = {
				ALWAYS_EMBED_SWIFT_STANDARD_LIBRARIES = YES;
				CODE_SIGN_STYLE = Automatic;
				CURRENT_PROJECT_VERSION = 1;
				GENERATE_INFOPLIST_FILE = YES;
				MARKETING_VERSION = 1.0;
				PRODUCT_BUNDLE_IDENTIFIER = "toasted-messages.ExampleUITests";
				PRODUCT_NAME = "$(TARGET_NAME)";
				SWIFT_EMIT_LOC_STRINGS = NO;
				SWIFT_VERSION = 5.0;
				TARGETED_DEVICE_FAMILY = "1,2";
				TEST_TARGET_NAME = Example;
			};
			name = Release;
		};
/* End XCBuildConfiguration section */

/* Begin XCConfigurationList section */
		84CF0D5A2BBADADA00A46C2F /* Build configuration list for PBXProject "Example" */ = {
			isa = XCConfigurationList;
			buildConfigurations = (
				84CF0D872BBADADB00A46C2F /* Debug */,
				84CF0D882BBADADB00A46C2F /* Release */,
			);
			defaultConfigurationIsVisible = 0;
			defaultConfigurationName = Release;
		};
		84CF0D892BBADADB00A46C2F /* Build configuration list for PBXNativeTarget "Example" */ = {
			isa = XCConfigurationList;
			buildConfigurations = (
				84CF0D8A2BBADADB00A46C2F /* Debug */,
				84CF0D8B2BBADADB00A46C2F /* Release */,
			);
			defaultConfigurationIsVisible = 0;
			defaultConfigurationName = Release;
		};
		84CF0D8C2BBADADB00A46C2F /* Build configuration list for PBXNativeTarget "ExampleTests" */ = {
			isa = XCConfigurationList;
			buildConfigurations = (
				84CF0D8D2BBADADB00A46C2F /* Debug */,
				84CF0D8E2BBADADB00A46C2F /* Release */,
			);
			defaultConfigurationIsVisible = 0;
			defaultConfigurationName = Release;
		};
		84CF0D8F2BBADADB00A46C2F /* Build configuration list for PBXNativeTarget "ExampleUITests" */ = {
			isa = XCConfigurationList;
			buildConfigurations = (
				84CF0D902BBADADB00A46C2F /* Debug */,
				84CF0D912BBADADB00A46C2F /* Release */,
			);
			defaultConfigurationIsVisible = 0;
			defaultConfigurationName = Release;
		};
/* End XCConfigurationList section */

/* Begin XCLocalSwiftPackageReference section */
		84DFE8822BCC12BC00C6DA8C /* XCLocalSwiftPackageReference "../ToastedMessages" */ = {
			isa = XCLocalSwiftPackageReference;
			relativePath = ../ToastedMessages;
		};
/* End XCLocalSwiftPackageReference section */

/* Begin XCSwiftPackageProductDependency section */
		84DFE8832BCC12BC00C6DA8C /* ToastedMessages */ = {
			isa = XCSwiftPackageProductDependency;
			productName = ToastedMessages;
		};
/* End XCSwiftPackageProductDependency section */
	};
	rootObject = 84CF0D572BBADADA00A46C2F /* Project object */;
}
